<?xml version="1.0" encoding="utf-8"?>
<Project ToolsVersion="4.0" xmlns="http://schemas.microsoft.com/developer/msbuild/2003">
  <ItemGroup>
    <Filter Include="Source Files">
      <UniqueIdentifier>{4FC737F1-C7A5-4376-A066-2A32D752A2FF}</UniqueIdentifier>
      <Extensions>cpp;c;cc;cxx;def;odl;idl;hpj;bat;asm;asmx</Extensions>
    </Filter>
    <Filter Include="Header Files">
      <UniqueIdentifier>{93995380-89BD-4b04-88EB-625FBE52EBFB}</UniqueIdentifier>
      <Extensions>h;hh;hpp;hxx;hm;inl;inc;ipp;xsd</Extensions>
    </Filter>
    <Filter Include="Resource Files">
      <UniqueIdentifier>{67DA6AB6-F800-4c08-8B7A-83BB121AAD01}</UniqueIdentifier>
      <Extensions>rc;ico;cur;bmp;dlg;rc2;rct;bin;rgs;gif;jpg;jpeg;jpe;resx;tiff;tif;png;wav;mfcribbon-ms</Extensions>
    </Filter>
  </ItemGroup>
  <ItemGroup>
    <ClInclude Include="src\SimpleGameEngine\Core.h">
      <Filter>Header Files</Filter>
    </ClInclude>
    <ClInclude Include="src\SimpleGameEngine\Application.h">
      <Filter>Header Files</Filter>
    </ClInclude>
    <ClInclude Include="src\SimpleGameEngine.h">
      <Filter>Header Files</Filter>
    </ClInclude>
    <ClInclude Include="src\SimpleGameEngine\EntryPoint.h">
      <Filter>Header Files</Filter>
    </ClInclude>
    <ClInclude Include="src\SimpleGameEngine\Math\Mat4.h">
      <Filter>Header Files</Filter>
    </ClInclude>
    <ClInclude Include="src\SimpleGameEngine\Math\MathUtils.h">
      <Filter>Header Files</Filter>
    </ClInclude>
    <ClInclude Include="src\SimpleGameEngine\Math\Vec2.h">
      <Filter>Header Files</Filter>
    </ClInclude>
    <ClInclude Include="src\SimpleGameEngine\Math\Vec3.h">
      <Filter>Header Files</Filter>
    </ClInclude>
    <ClInclude Include="src\SimpleGameEngine\Math\Vec4.h">
      <Filter>Header Files</Filter>
    </ClInclude>
    <ClInclude Include="src\SimpleGameEngine\Math\MathException.h">
      <Filter>Header Files</Filter>
    </ClInclude>
    <ClInclude Include="src\SimpleGameEngine\Display\DisplayException.h">
      <Filter>Header Files</Filter>
    </ClInclude>
    <ClInclude Include="src\SimpleGameEngine\Display\Window.h">
      <Filter>Header Files</Filter>
    </ClInclude>
    <ClInclude Include="src\SimpleGameEngine\Loaders\Loader.h">
      <Filter>Header Files</Filter>
    </ClInclude>
    <ClInclude Include="src\SimpleGameEngine\Loaders\ShaderLoader.h">
      <Filter>Header Files</Filter>
    </ClInclude>
    <ClInclude Include="src\SimpleGameEngine\IO\FileUtils.h">
      <Filter>Header Files</Filter>
    </ClInclude>
    <ClInclude Include="src\SimpleGameEngine\Shaders\Shader.h">
      <Filter>Header Files</Filter>
    </ClInclude>
    <ClInclude Include="src\SimpleGameEngine\IO\IOException.h">
      <Filter>Header Files</Filter>
    </ClInclude>
    <ClInclude Include="src\SimpleGameEngine\Loaders\ShaderCompileException.h">
      <Filter>Header Files</Filter>
    </ClInclude>
    <ClInclude Include="src\SimpleGameEngine\Loaders\LoadUniformException.h">
      <Filter>Header Files</Filter>
    </ClInclude>
    <ClInclude Include="src\SimpleGameEngine\Loaders\TextureLoadException.h">
      <Filter>Header Files</Filter>
    </ClInclude>
    <ClInclude Include="src\SimpleGameEngine\Models\BoundingBox.h">
      <Filter>Header Files</Filter>
    </ClInclude>
    <ClInclude Include="src\SimpleGameEngine\Models\Entity.h">
      <Filter>Header Files</Filter>
    </ClInclude>
    <ClInclude Include="src\SimpleGameEngine\Models\Material.h">
      <Filter>Header Files</Filter>
    </ClInclude>
    <ClInclude Include="src\SimpleGameEngine\Models\LightingModel.h">
      <Filter>Header Files</Filter>
    </ClInclude>
    <ClInclude Include="src\SimpleGameEngine\Models\SpaceModel.h">
      <Filter>Header Files</Filter>
    </ClInclude>
    <ClInclude Include="src\SimpleGameEngine\Models\GeometryModel.h">
      <Filter>Header Files</Filter>
    </ClInclude>
    <ClInclude Include="src\SimpleGameEngine\Models\RenderModel.h">
      <Filter>Header Files</Filter>
    </ClInclude>
    <ClInclude Include="src\SimpleGameEngine\Logic\ModelTransformer.h">
      <Filter>Header Files</Filter>
    </ClInclude>
    <ClInclude Include="src\SimpleGameEngine\Logic\IntersectionTester.h">
      <Filter>Header Files</Filter>
    </ClInclude>
    <ClInclude Include="src\SimpleGameEngine\Log.h">
      <Filter>Header Files</Filter>
    </ClInclude>
    <ClInclude Include="src\SimpleGameEngine\Utility\Generic.h">
      <Filter>Header Files</Filter>
    </ClInclude>
    <ClInclude Include="src\SimpleGameEngine\Parsers\WavefrontObjParser.h">
      <Filter>Header Files</Filter>
    </ClInclude>
    <ClInclude Include="src\SimpleGameEngine\Utility\StringUtil.h">
      <Filter>Header Files</Filter>
    </ClInclude>
    <ClInclude Include="src\SimpleGameEngine\Parsers\ParseException.h">
      <Filter>Header Files</Filter>
    </ClInclude>
    <ClInclude Include="src\SimpleGameEngine\Renderers\EntityRenderer.h">
      <Filter>Header Files</Filter>
    </ClInclude>
    <ClInclude Include="src\SimpleGameEngine\Renderers\RenderEngine.h">
      <Filter>Header Files</Filter>
    </ClInclude>
    <ClInclude Include="src\SimpleGameEngine\Renderers\SkyboxRenderer.h">
      <Filter>Header Files</Filter>
    </ClInclude>
    <ClInclude Include="src\SimpleGameEngine\Renderers\TerrainRenderer.h">
      <Filter>Header Files</Filter>
    </ClInclude>
    <ClInclude Include="src\SimpleGameEngine\Parsers\MaterialLibraryParser.h">
      <Filter>Header Files</Filter>
    </ClInclude>
    <ClInclude Include="src\SimpleGameEngine\Cameras\Camera.h">
      <Filter>Header Files</Filter>
    </ClInclude>
    <ClInclude Include="src\SimpleGameEngine\Shaders\EntityShaderConstants.h">
      <Filter>Header Files</Filter>
    </ClInclude>
    <ClInclude Include="src\SimpleGameEngine\Models\SkyboxModel.h">
      <Filter>Header Files</Filter>
    </ClInclude>
  </ItemGroup>
  <ItemGroup>
    <ClCompile Include="src\SimpleGameEngine\Application.cpp">
      <Filter>Source Files</Filter>
    </ClCompile>
    <ClCompile Include="src\SimpleGameEngine\Math\Mat4.cpp">
      <Filter>Source Files</Filter>
    </ClCompile>
    <ClCompile Include="src\SimpleGameEngine\Math\MathUtils.cpp">
      <Filter>Source Files</Filter>
    </ClCompile>
    <ClCompile Include="src\SimpleGameEngine\Math\Vec2.cpp">
      <Filter>Source Files</Filter>
    </ClCompile>
    <ClCompile Include="src\SimpleGameEngine\Math\Vec3.cpp">
      <Filter>Source Files</Filter>
    </ClCompile>
    <ClCompile Include="src\SimpleGameEngine\Math\Vec4.cpp">
      <Filter>Source Files</Filter>
    </ClCompile>
    <ClCompile Include="src\SimpleGameEngine\Math\MathException.cpp">
      <Filter>Source Files</Filter>
    </ClCompile>
    <ClCompile Include="src\SimpleGameEngine\Display\DisplayException.cpp">
      <Filter>Source Files</Filter>
    </ClCompile>
    <ClCompile Include="src\SimpleGameEngine\Display\Window.cpp">
      <Filter>Source Files</Filter>
    </ClCompile>
    <ClCompile Include="src\SimpleGameEngine\Loaders\Loader.cpp">
      <Filter>Source Files</Filter>
    </ClCompile>
    <ClCompile Include="src\SimpleGameEngine\Loaders\ShaderLoader.cpp">
      <Filter>Source Files</Filter>
    </ClCompile>
    <ClCompile Include="src\SimpleGameEngine\IO\FileUtils.cpp">
      <Filter>Source Files</Filter>
    </ClCompile>
    <ClCompile Include="src\SimpleGameEngine\Shaders\Shader.cpp">
      <Filter>Source Files</Filter>
    </ClCompile>
    <ClCompile Include="src\SimpleGameEngine\IO\IOException.cpp">
      <Filter>Source Files</Filter>
    </ClCompile>
    <ClCompile Include="src\SimpleGameEngine\Loaders\ShaderCompileException.cpp">
      <Filter>Source Files</Filter>
    </ClCompile>
    <ClCompile Include="src\SimpleGameEngine\Loaders\LoadUniformException.cpp">
      <Filter>Source Files</Filter>
    </ClCompile>
    <ClCompile Include="src\SimpleGameEngine\Loaders\TextureLoadException.cpp">
      <Filter>Source Files</Filter>
    </ClCompile>
    <ClCompile Include="src\SimpleGameEngine\Models\BoundingBox.cpp">
      <Filter>Source Files</Filter>
    </ClCompile>
    <ClCompile Include="src\SimpleGameEngine\Models\Entity.cpp">
      <Filter>Source Files</Filter>
    </ClCompile>
    <ClCompile Include="src\SimpleGameEngine\Models\Material.cpp">
      <Filter>Source Files</Filter>
    </ClCompile>
    <ClCompile Include="src\SimpleGameEngine\Models\LightingModel.cpp">
      <Filter>Source Files</Filter>
    </ClCompile>
    <ClCompile Include="src\SimpleGameEngine\Models\SpaceModel.cpp">
      <Filter>Source Files</Filter>
    </ClCompile>
    <ClCompile Include="src\SimpleGameEngine\Models\GeometryModel.cpp">
      <Filter>Source Files</Filter>
    </ClCompile>
    <ClCompile Include="src\SimpleGameEngine\Models\RenderModel.cpp">
      <Filter>Source Files</Filter>
    </ClCompile>
    <ClCompile Include="src\SimpleGameEngine\Logic\ModelTransformer.cpp">
      <Filter>Source Files</Filter>
    </ClCompile>
    <ClCompile Include="src\SimpleGameEngine\Logic\IntersectionTester.cpp">
      <Filter>Source Files</Filter>
    </ClCompile>
    <ClCompile Include="src\SimpleGameEngine\Log.cpp">
      <Filter>Source Files</Filter>
    </ClCompile>
    <ClCompile Include="src\SimpleGameEngine\Parsers\WavefrontObjParser.cpp">
      <Filter>Source Files</Filter>
    </ClCompile>
    <ClCompile Include="src\SimpleGameEngine\Utility\StringUtil.cpp">
      <Filter>Source Files</Filter>
    </ClCompile>
    <ClCompile Include="src\SimpleGameEngine\Parsers\ParseException.cpp">
      <Filter>Source Files</Filter>
    </ClCompile>
    <ClCompile Include="src\SimpleGameEngine\Renderers\EntityRenderer.cpp">
      <Filter>Source Files</Filter>
    </ClCompile>
    <ClCompile Include="src\SimpleGameEngine\Renderers\RenderEngine.cpp">
      <Filter>Source Files</Filter>
    </ClCompile>
    <ClCompile Include="src\SimpleGameEngine\Renderers\SkyboxRenderer.cpp">
      <Filter>Source Files</Filter>
    </ClCompile>
    <ClCompile Include="src\SimpleGameEngine\Renderers\TerrainRenderer.cpp">
      <Filter>Source Files</Filter>
    </ClCompile>
    <ClCompile Include="src\SimpleGameEngine\Parsers\MaterialLibraryParser.cpp">
      <Filter>Source Files</Filter>
    </ClCompile>
    <ClCompile Include="src\SimpleGameEngine\Cameras\Camera.cpp">
      <Filter>Source Files</Filter>
    </ClCompile>
    <ClCompile Include="src\SimpleGameEngine\Shaders\EntityShaderConstants.cpp">
      <Filter>Source Files</Filter>
    </ClCompile>
    <ClCompile Include="src\SimpleGameEngine\Models\SkyboxModel.cpp">
      <Filter>Source Files</Filter>
    </ClCompile>
  </ItemGroup>
  <ItemGroup>
    <None Include="src\SimpleGameEngine\Shaders\entityFragment.frag" />
    <None Include="src\SimpleGameEngine\Shaders\entityVertex.vert" />
    <None Include="src\SimpleGameEngine\Shaders\skyboxFragment.frag" />
    <None Include="src\SimpleGameEngine\Shaders\skyboxVertex.vert" />
    <None Include="src\SimpleGameEngine\Shaders\terrainFragment.frag" />
    <None Include="src\SimpleGameEngine\Shaders\terrainVertex.vert" />
  </ItemGroup>
</Project>